{
    "_meta": {
        "hash": {
            "sha256": "f45cacf0b95cac7a1e41618e6bc13292c1614d7f9a61f5f2d85afa71b034b907"
        },
        "pipfile-spec": 6,
        "requires": {
            "python_version": "3.8"
        },
        "sources": [
            {
                "name": "pypi",
                "url": "https://pypi.org/simple",
                "verify_ssl": true
            }
        ]
    },
    "default": {
        "altgraph": {
            "hashes": [
                "sha256:1f05a47122542f97028caf78775a095fbe6a2699b5089de8477eb583167d69aa",
                "sha256:c623e5f3408ca61d4016f23a681b9adb100802ca3e3da5e718915a9e4052cebe"
            ],
            "version": "==0.17"
        },
        "macholib": {
            "hashes": [
                "sha256:0c436bc847e7b1d9bda0560351bf76d7caf930fb585a828d13608839ef42c432",
                "sha256:c500f02867515e6c60a27875b408920d18332ddf96b4035ef03beddd782d4281"
            ],
            "markers": "sys_platform == 'darwin'",
            "version": "==1.14"
        },
        "pyinstaller": {
            "hashes": [
                "sha256:970beb07115761d5e4ec317c1351b712fd90ae7f23994db914c633281f99bab0"
            ],
            "index": "pypi",
            "version": "==4.0"
        },
        "pyinstaller-hooks-contrib": {
            "hashes": [
                "sha256:a5fd45a920012802e3f2089e1d3501ef2f49265dfea8fc46c3310f18e3326c91",
                "sha256:c382f3ac1a42b45cfecd581475c36db77da90e479b2f5bcb6d840d21fa545114"
            ],
            "version": "==2020.9"
        },
        "pynput": {
            "hashes": [
                "sha256:42d6d58abe401a4c98ea04e443e61f74b6b0f97672f42042f566c68700ad0c65",
                "sha256:68c1863d6a1520b44b6a915e866cbfa1b8d127aef9289f25183c93e28ee5049a",
                "sha256:dffcf42299aa25248d1a508b14f988b3a55aad8afbf42dfa3a8f259cd96bb15b"
            ],
            "index": "pypi",
            "version": "==1.6.8"
        },
        "pyobjc-core": {
            "hashes": [
                "sha256:38e7b15a042439dadd18b28b78229e52fb882460fc16ddbae342b9972d5a827c",
                "sha256:47a89171d218905dbf13011b1a7d698c246cb66fb5f14119bc0d9e039d0486fa",
                "sha256:60d0c57de915b6ed91a9a26e3bdefdcaeb1288623c69f291338208c5a227d190",
                "sha256:73938398559b718595076fce4921022f21983dd85ebace3ecbe6182697abe164",
                "sha256:be312b7a0edb45dd8ea68e70f2b411b59677d4ceb513c48eace73cb78dbfd85f"
            ],
            "markers": "python_version >= '3.6'",
            "version": "==6.2.2"
        },
        "pyobjc-framework-cocoa": {
            "hashes": [
                "sha256:2a5ab2e33cafe577592c31b2663f3b23f6e142fd717c8cf3826394a380cc4353",
                "sha256:45e3011efbd8ab4eb4c7ee1f55a8b5ecb41cf66fa797aff0e9454060781645a0",
                "sha256:6f5e1d59f6e1f4be40dedf051925b8d90c561657c9ec2453652af033fe5c2bf0",
                "sha256:75821b98fb789d240bea7034c4f96396b2eac3e7b02428b4be9101fc899b7fc3",
                "sha256:779299f73b8b5a1dd0973b3b16bd706e1f67df44edfb3f3ca6e5e873591c0efc"
            ],
            "markers": "python_version >= '3.6'",
            "version": "==6.2.2"
        },
        "pyobjc-framework-quartz": {
            "hashes": [
                "sha256:15f3c7b50d0543f66b927e28cd336c1a6962d58c9808799f49dcf30e4a1a13c2",
                "sha256:552b15eb409f87d34870345feabe6695375a031d8c4063f175dbaa3422005160",
                "sha256:56d183dc32b11f15ceb0833a2a24953d1212264f07c274e2b8878e691eb72472",
                "sha256:5a56cfc0289061eaf33f04e3c73e749e04f177b0c1ee8749aa46e87d1e897cda",
                "sha256:a57c7f50286d96ee7b9051c657a8607f0449949891cf0697be3efac76a97be7e"
            ],
            "markers": "sys_platform == 'darwin'",
            "version": "==6.2.2"
        },
        "six": {
            "hashes": [
                "sha256:30639c035cdb23534cd4aa2dd52c3bf48f06e5f4a941509c8bafd8ce11080259",
                "sha256:8b74bedcbbbaca38ff6d7491d76f2b06b3592611af620f8426e82dddb04a5ced"
            ],
            "markers": "python_version >= '2.7' and python_version not in '3.0, 3.1, 3.2, 3.3'",
            "version": "==1.15.0"
        }
    },
    "develop": {}
}
